
Microsoft Visual Studio Solution File, Format Version 12.00
# Visual Studio Version 17
VisualStudioVersion = 17.0.31903.59
MinimumVisualStudioVersion = 10.0.40219.1
Project("{FAE04EC0-301F-11D3-BF4B-00C04F79EFBC}") = "OtoParkApi", "OtoParkApi\OtoParkApi.csproj", "{ECCD4919-2AE6-4187-A917-DD9294131917}"
EndProject
Project("{FAE04EC0-301F-11D3-BF4B-00C04F79EFBC}") = "OtoParkFrontend", "OtoParkFrontend\OtoParkFrontend.csproj", "{B2C41E2B-E5C5-4EE5-A842-B8777D90A2B5}"
EndProject
Global
	GlobalSection(SolutionConfigurationPlatforms) = preSolution
		Debug|Any CPU = Debug|Any CPU
		Release|Any CPU = Release|Any CPU
	EndGlobalSection
	GlobalSection(SolutionProperties) = preSolution
		HideSolutionNode = FALSE
	EndGlobalSection
	GlobalSection(ProjectConfigurationPlatforms) = postSolution
		{ECCD4919-2AE6-4187-A917-DD9294131917}.Debug|Any CPU.ActiveCfg = Debug|Any CPU
		{ECCD4919-2AE6-4187-A917-DD9294131917}.Debug|Any CPU.Build.0 = Debug|Any CPU
		{ECCD4919-2AE6-4187-A917-DD9294131917}.Release|Any CPU.ActiveCfg = Release|Any CPU
		{ECCD4919-2AE6-4187-A917-DD9294131917}.Release|Any CPU.Build.0 = Release|Any CPU
		{B2C41E2B-E5C5-4EE5-A842-B8777D90A2B5}.Debug|Any CPU.ActiveCfg = Debug|Any CPU
		{B2C41E2B-E5C5-4EE5-A842-B8777D90A2B5}.Debug|Any CPU.Build.0 = Debug|Any CPU
		{B2C41E2B-E5C5-4EE5-A842-B8777D90A2B5}.Release|Any CPU.ActiveCfg = Release|Any CPU
		{B2C41E2B-E5C5-4EE5-A842-B8777D90A2B5}.Release|Any CPU.Build.0 = Release|Any CPU
	EndGlobalSection
EndGlobal
